
Microsoft Visual Studio Solution File, Format Version 12.00
# Visual Studio Version 16
VisualStudioVersion = 16.0.31321.278
MinimumVisualStudioVersion = 10.0.40219.1
Project("{FAE04EC0-301F-11D3-BF4B-00C04F79EFBC}") = "Learning---161", "Learning---161\Learning---161.csproj", "{4E027A3D-38CB-4DF7-A435-C9703ADA7A6F}"
EndProject
Global
	GlobalSection(SolutionConfigurationPlatforms) = preSolution
		Debug|Any CPU = Debug|Any CPU
		Release|Any CPU = Release|Any CPU
	EndGlobalSection
	GlobalSection(ProjectConfigurationPlatforms) = postSolution
		{4E027A3D-38CB-4DF7-A435-C9703ADA7A6F}.Debug|Any CPU.ActiveCfg = Debug|Any CPU
		{4E027A3D-38CB-4DF7-A435-C9703ADA7A6F}.Debug|Any CPU.Build.0 = Debug|Any CPU
		{4E027A3D-38CB-4DF7-A435-C9703ADA7A6F}.Release|Any CPU.ActiveCfg = Release|Any CPU
		{4E027A3D-38CB-4DF7-A435-C9703ADA7A6F}.Release|Any CPU.Build.0 = Release|Any CPU
	EndGlobalSection
	GlobalSection(SolutionProperties) = preSolution
		HideSolutionNode = FALSE
	EndGlobalSection
	GlobalSection(ExtensibilityGlobals) = postSolution
		SolutionGuid = {7743B2EA-3C6C-47F1-B86C-87F4E469A056}
	EndGlobalSection
EndGlobal
